
Microsoft Visual Studio Solution File, Format Version 12.00
# Visual Studio 2013
VisualStudioVersion = 12.0.0.0
MinimumVisualStudioVersion = 10.0.0.1
Project("{FAE04EC0-301F-11D3-BF4B-00C04F79EFBC}") = "lab6_2017", "lab6-2017\lab6-2017.csproj", "{E594F111-C749-4FF0-846E-9CF63F66F3DE}"
EndProject
Global
	GlobalSection(SolutionConfigurationPlatforms) = preSolution
		Debug|Any CPU = Debug|Any CPU
		Release|Any CPU = Release|Any CPU
	EndGlobalSection
	GlobalSection(ProjectConfigurationPlatforms) = postSolution
		{E594F111-C749-4FF0-846E-9CF63F66F3DE}.Debug|Any CPU.ActiveCfg = Debug|Any CPU
		{E594F111-C749-4FF0-846E-9CF63F66F3DE}.Debug|Any CPU.Build.0 = Debug|Any CPU
		{E594F111-C749-4FF0-846E-9CF63F66F3DE}.Release|Any CPU.ActiveCfg = Release|Any CPU
		{E594F111-C749-4FF0-846E-9CF63F66F3DE}.Release|Any CPU.Build.0 = Release|Any CPU
	EndGlobalSection
	GlobalSection(SolutionProperties) = preSolution
		HideSolutionNode = FALSE
	EndGlobalSection
EndGlobal
